
Microsoft Visual Studio Solution File, Format Version 12.00
# Visual Studio Version 16
VisualStudioVersion = 16.0.32106.194
MinimumVisualStudioVersion = 10.0.40219.1
Project("{FAE04EC0-301F-11D3-BF4B-00C04F79EFBC}") = "MQTT_SimpleServer", "MQTT_SimpleServer\MQTT_SimpleServer.csproj", "{91E15F3D-0D42-4EE0-AF0B-C79068B28601}"
EndProject
Global
	GlobalSection(SolutionConfigurationPlatforms) = preSolution
		Debug|Any CPU = Debug|Any CPU
		Release|Any CPU = Release|Any CPU
	EndGlobalSection
	GlobalSection(ProjectConfigurationPlatforms) = postSolution
		{91E15F3D-0D42-4EE0-AF0B-C79068B28601}.Debug|Any CPU.ActiveCfg = Debug|Any CPU
		{91E15F3D-0D42-4EE0-AF0B-C79068B28601}.Debug|Any CPU.Build.0 = Debug|Any CPU
		{91E15F3D-0D42-4EE0-AF0B-C79068B28601}.Release|Any CPU.ActiveCfg = Release|Any CPU
		{91E15F3D-0D42-4EE0-AF0B-C79068B28601}.Release|Any CPU.Build.0 = Release|Any CPU
	EndGlobalSection
	GlobalSection(SolutionProperties) = preSolution
		HideSolutionNode = FALSE
	EndGlobalSection
	GlobalSection(ExtensibilityGlobals) = postSolution
		SolutionGuid = {E163A39F-B8D1-4B12-A16B-E99C83F4D192}
	EndGlobalSection
EndGlobal
